{
    "_meta": {
        "hash": {
            "sha256": "84c9895781ed3dee0f6632faa56a680a3d830bcd3f667737bcbbc83b2336aa91"
        },
        "pipfile-spec": 6,
        "requires": {
            "python_version": "3.12"
        },
        "sources": [
            {
                "name": "pypi",
                "url": "https://pypi.org/simple",
                "verify_ssl": true
            }
        ]
    },
    "default": {
        "joblib": {
            "hashes": [
                "sha256:06d478d5674cbc267e7496a410ee875abd68e4340feff4490bcb7afb88060ae6",
                "sha256:2382c5816b2636fbd20a09e0f4e9dad4736765fdfb7dca582943b9c1366b3f0e"
            ],
            "index": "pypi",
            "markers": "python_version >= '3.8'",
            "version": "==1.4.2"
        },
        "setuptools": {
            "hashes": [
                "sha256:6c1fccdac05a97e598fb0ae3bbed5904ccb317337a51139dcd51453611bbb987",
                "sha256:c636ac361bc47580504644275c9ad802c50415c7522212252c033bd15f301f32"
            ],
            "index": "pypi",
            "markers": "python_version >= '3.8'",
            "version": "==69.5.1"
        },
        "tempit": {
            "editable": true,
            "file": ".",
            "markers": "python_version >= '3.8'"
        },
        "wheel": {
            "hashes": [
                "sha256:465ef92c69fa5c5da2d1cf8ac40559a8c940886afcef87dcf14b9470862f1d85",
                "sha256:55c570405f142630c6b9f72fe09d9b67cf1477fcf543ae5b8dcb1f5b7377da81"
            ],
            "index": "pypi",
            "markers": "python_version >= '3.8'",
            "version": "==0.43.0"
        }
    },
    "develop": {}
}
